
Microsoft Visual Studio Solution File, Format Version 12.00
# Visual Studio Version 16
VisualStudioVersion = 16.0.30907.101
MinimumVisualStudioVersion = 10.0.40219.1
Project("{FAE04EC0-301F-11D3-BF4B-00C04F79EFBC}") = "Search.API", "Search.API\Search.API.csproj", "{8AD4F022-CCF8-48DB-A6E3-F209591AE35C}"
EndProject
Project("{FAE04EC0-301F-11D3-BF4B-00C04F79EFBC}") = "Search.Services", "Search.Services\Search.Services.csproj", "{19076EC0-D29F-423A-8385-525F5F7BE1ED}"
EndProject
Project("{2150E333-8FDC-42A3-9474-1A3956D46DE8}") = "tests", "tests", "{6B8E7A0D-55DF-499D-B4F2-3B30775A61BB}"
EndProject
Project("{FAE04EC0-301F-11D3-BF4B-00C04F79EFBC}") = "Search.UnitTests", "Search.UnitTests\Search.UnitTests.csproj", "{9010ADBE-0D6C-458F-8742-C242C3CB60C5}"
EndProject
Project("{FAE04EC0-301F-11D3-BF4B-00C04F79EFBC}") = "Search.FunctionalTests", "Search.FunctionalTests\Search.FunctionalTests.csproj", "{AC4A539D-3BD1-4E6A-936D-65F17F943722}"
EndProject
Global
	GlobalSection(SolutionConfigurationPlatforms) = preSolution
		Debug|Any CPU = Debug|Any CPU
		Release|Any CPU = Release|Any CPU
	EndGlobalSection
	GlobalSection(ProjectConfigurationPlatforms) = postSolution
		{8AD4F022-CCF8-48DB-A6E3-F209591AE35C}.Debug|Any CPU.ActiveCfg = Debug|Any CPU
		{8AD4F022-CCF8-48DB-A6E3-F209591AE35C}.Debug|Any CPU.Build.0 = Debug|Any CPU
		{8AD4F022-CCF8-48DB-A6E3-F209591AE35C}.Release|Any CPU.ActiveCfg = Release|Any CPU
		{8AD4F022-CCF8-48DB-A6E3-F209591AE35C}.Release|Any CPU.Build.0 = Release|Any CPU
		{19076EC0-D29F-423A-8385-525F5F7BE1ED}.Debug|Any CPU.ActiveCfg = Debug|Any CPU
		{19076EC0-D29F-423A-8385-525F5F7BE1ED}.Debug|Any CPU.Build.0 = Debug|Any CPU
		{19076EC0-D29F-423A-8385-525F5F7BE1ED}.Release|Any CPU.ActiveCfg = Release|Any CPU
		{19076EC0-D29F-423A-8385-525F5F7BE1ED}.Release|Any CPU.Build.0 = Release|Any CPU
		{9010ADBE-0D6C-458F-8742-C242C3CB60C5}.Debug|Any CPU.ActiveCfg = Debug|Any CPU
		{9010ADBE-0D6C-458F-8742-C242C3CB60C5}.Debug|Any CPU.Build.0 = Debug|Any CPU
		{9010ADBE-0D6C-458F-8742-C242C3CB60C5}.Release|Any CPU.ActiveCfg = Release|Any CPU
		{9010ADBE-0D6C-458F-8742-C242C3CB60C5}.Release|Any CPU.Build.0 = Release|Any CPU
		{AC4A539D-3BD1-4E6A-936D-65F17F943722}.Debug|Any CPU.ActiveCfg = Debug|Any CPU
		{AC4A539D-3BD1-4E6A-936D-65F17F943722}.Debug|Any CPU.Build.0 = Debug|Any CPU
		{AC4A539D-3BD1-4E6A-936D-65F17F943722}.Release|Any CPU.ActiveCfg = Release|Any CPU
		{AC4A539D-3BD1-4E6A-936D-65F17F943722}.Release|Any CPU.Build.0 = Release|Any CPU
	EndGlobalSection
	GlobalSection(SolutionProperties) = preSolution
		HideSolutionNode = FALSE
	EndGlobalSection
	GlobalSection(NestedProjects) = preSolution
		{9010ADBE-0D6C-458F-8742-C242C3CB60C5} = {6B8E7A0D-55DF-499D-B4F2-3B30775A61BB}
		{AC4A539D-3BD1-4E6A-936D-65F17F943722} = {6B8E7A0D-55DF-499D-B4F2-3B30775A61BB}
	EndGlobalSection
	GlobalSection(ExtensibilityGlobals) = postSolution
		SolutionGuid = {00396F62-5F40-46CB-9A2B-D3F3DE44F25A}
	EndGlobalSection
EndGlobal
